
Microsoft Visual Studio Solution File, Format Version 12.00
# Visual Studio Version 16
VisualStudioVersion = 16.0.30204.135
MinimumVisualStudioVersion = 10.0.40219.1
Project("{FAE04EC0-301F-11D3-BF4B-00C04F79EFBC}") = "StopwatchApplication", "StopwatchApplication\StopwatchApplication.csproj", "{1F3B62DB-B43C-4D22-844B-6133190E4979}"
EndProject
Global
	GlobalSection(SolutionConfigurationPlatforms) = preSolution
		Debug|Any CPU = Debug|Any CPU
		Release|Any CPU = Release|Any CPU
	EndGlobalSection
	GlobalSection(ProjectConfigurationPlatforms) = postSolution
		{1F3B62DB-B43C-4D22-844B-6133190E4979}.Debug|Any CPU.ActiveCfg = Debug|Any CPU
		{1F3B62DB-B43C-4D22-844B-6133190E4979}.Debug|Any CPU.Build.0 = Debug|Any CPU
		{1F3B62DB-B43C-4D22-844B-6133190E4979}.Release|Any CPU.ActiveCfg = Release|Any CPU
		{1F3B62DB-B43C-4D22-844B-6133190E4979}.Release|Any CPU.Build.0 = Release|Any CPU
	EndGlobalSection
	GlobalSection(SolutionProperties) = preSolution
		HideSolutionNode = FALSE
	EndGlobalSection
	GlobalSection(ExtensibilityGlobals) = postSolution
		SolutionGuid = {0A3C3DC8-B30A-4CFF-9FC0-B874A1DDA673}
	EndGlobalSection
EndGlobal
